// !$*UTF8*$!
{
	archiveVersion = 1;
	classes = {
	};
	objectVersion = 46;
	objects = {

/* Begin PBXBuildFile section */
		991A9C601D7C2C9D00F77261 /* main.m in Sources */ = {isa = PBXBuildFile; fileRef = 991A9C5F1D7C2C9D00F77261 /* main.m */; };
		991A9C631D7C2C9D00F77261 /* AppDelegate.m in Sources */ = {isa = PBXBuildFile; fileRef = 991A9C621D7C2C9D00F77261 /* AppDelegate.m */; };
		991A9C661D7C2C9D00F77261 /* ViewController.m in Sources */ = {isa = PBXBuildFile; fileRef = 991A9C651D7C2C9D00F77261 /* ViewController.m */; };
		991A9C691D7C2C9D00F77261 /* Main.storyboard in Resources */ = {isa = PBXBuildFile; fileRef = 991A9C671D7C2C9D00F77261 /* Main.storyboard */; };
		991A9C6B1D7C2C9D00F77261 /* Assets.xcassets in Resources */ = {isa = PBXBuildFile; fileRef = 991A9C6A1D7C2C9D00F77261 /* Assets.xcassets */; };
		991A9C6E1D7C2C9D00F77261 /* LaunchScreen.storyboard in Resources */ = {isa = PBXBuildFile; fileRef = 991A9C6C1D7C2C9D00F77261 /* LaunchScreen.storyboard */; };
		991A9C791D7C2C9D00F77261 /* TableViewTests.m in Sources */ = {isa = PBXBuildFile; fileRef = 991A9C781D7C2C9D00F77261 /* TableViewTests.m */; };
		991A9C841D7C2C9D00F77261 /* TableViewUITests.m in Sources */ = {isa = PBXBuildFile; fileRef = 991A9C831D7C2C9D00F77261 /* TableViewUITests.m */; };
		991A9C921D808B2100F77261 /* ViewController.xib in Resources */ = {isa = PBXBuildFile; fileRef = 991A9C911D808B2100F77261 /* ViewController.xib */; };
/* End PBXBuildFile section */

/* Begin PBXContainerItemProxy section */
		991A9C751D7C2C9D00F77261 /* PBXContainerItemProxy */ = {
			isa = PBXContainerItemProxy;
			containerPortal = 991A9C531D7C2C9C00F77261 /* Project object */;
			proxyType = 1;
			remoteGlobalIDString = 991A9C5A1D7C2C9D00F77261;
			remoteInfo = TableView;
		};
		991A9C801D7C2C9D00F77261 /* PBXContainerItemProxy */ = {
			isa = PBXContainerItemProxy;
			containerPortal = 991A9C531D7C2C9C00F77261 /* Project object */;
			proxyType = 1;
			remoteGlobalIDString = 991A9C5A1D7C2C9D00F77261;
			remoteInfo = TableView;
		};
/* End PBXContainerItemProxy section */

/* Begin PBXFileReference section */
		991A9C5B1D7C2C9D00F77261 /* TableView.app */ = {isa = PBXFileReference; explicitFileType = wrapper.application; includeInIndex = 0; path = TableView.app; sourceTree = BUILT_PRODUCTS_DIR; };
		991A9C5F1D7C2C9D00F77261 /* main.m */ = {isa = PBXFileReference; lastKnownFileType = sourcecode.c.objc; path = main.m; sourceTree = "<group>"; };
		991A9C611D7C2C9D00F77261 /* AppDelegate.h */ = {isa = PBXFileReference; lastKnownFileType = sourcecode.c.h; path = AppDelegate.h; sourceTree = "<group>"; };
		991A9C621D7C2C9D00F77261 /* AppDelegate.m */ = {isa = PBXFileReference; lastKnownFileType = sourcecode.c.objc; path = AppDelegate.m; sourceTree = "<group>"; };
		991A9C641D7C2C9D00F77261 /* ViewController.h */ = {isa = PBXFileReference; lastKnownFileType = sourcecode.c.h; path = ViewController.h; sourceTree = "<group>"; };
		991A9C651D7C2C9D00F77261 /* ViewController.m */ = {isa = PBXFileReference; lastKnownFileType = sourcecode.c.objc; path = ViewController.m; sourceTree = "<group>"; };
		991A9C681D7C2C9D00F77261 /* Base */ = {isa = PBXFileReference; lastKnownFileType = file.storyboard; name = Base; path = Base.lproj/Main.storyboard; sourceTree = "<group>"; };
		991A9C6A1D7C2C9D00F77261 /* Assets.xcassets */ = {isa = PBXFileReference; lastKnownFileType = folder.assetcatalog; path = Assets.xcassets; sourceTree = "<group>"; };
		991A9C6D1D7C2C9D00F77261 /* Base */ = {isa = PBXFileReference; lastKnownFileType = file.storyboard; name = Base; path = Base.lproj/LaunchScreen.storyboard; sourceTree = "<group>"; };
		991A9C6F1D7C2C9D00F77261 /* Info.plist */ = {isa = PBXFileReference; lastKnownFileType = text.plist.xml; path = Info.plist; sourceTree = "<group>"; };
		991A9C741D7C2C9D00F77261 /* TableViewTests.xctest */ = {isa = PBXFileReference; explicitFileType = wrapper.cfbundle; includeInIndex = 0; path = TableViewTests.xctest; sourceTree = BUILT_PRODUCTS_DIR; };
		991A9C781D7C2C9D00F77261 /* TableViewTests.m */ = {isa = PBXFileReference; lastKnownFileType = sourcecode.c.objc; path = TableViewTests.m; sourceTree = "<group>"; };
		991A9C7A1D7C2C9D00F77261 /* Info.plist */ = {isa = PBXFileReference; lastKnownFileType = text.plist.xml; path = Info.plist; sourceTree = "<group>"; };
		991A9C7F1D7C2C9D00F77261 /* TableViewUITests.xctest */ = {isa = PBXFileReference; explicitFileType = wrapper.cfbundle; includeInIndex = 0; path = TableViewUITests.xctest; sourceTree = BUILT_PRODUCTS_DIR; };
		991A9C831D7C2C9D00F77261 /* TableViewUITests.m */ = {isa = PBXFileReference; lastKnownFileType = sourcecode.c.objc; path = TableViewUITests.m; sourceTree = "<group>"; };
		991A9C851D7C2C9D00F77261 /* Info.plist */ = {isa = PBXFileReference; lastKnownFileType = text.plist.xml; path = Info.plist; sourceTree = "<group>"; };
		991A9C911D808B2100F77261 /* ViewController.xib */ = {isa = PBXFileReference; fileEncoding = 4; lastKnownFileType = file.xib; path = ViewController.xib; sourceTree = "<group>"; };
/* End PBXFileReference section */

/* Begin PBXFrameworksBuildPhase section */
		991A9C581D7C2C9D00F77261 /* Frameworks */ = {
			isa = PBXFrameworksBuildPhase;
			buildActionMask = 2147483647;
			files = (
			);
			runOnlyForDeploymentPostprocessing = 0;
		};
		991A9C711D7C2C9D00F77261 /* Frameworks */ = {
			isa = PBXFrameworksBuildPhase;
			buildActionMask = 2147483647;
			files = (
			);
			runOnlyForDeploymentPostprocessing = 0;
		};
		991A9C7C1D7C2C9D00F77261 /* Frameworks */ = {
			isa = PBXFrameworksBuildPhase;
			buildActionMask = 2147483647;
			files = (
			);
			runOnlyForDeploymentPostprocessing = 0;
		};
/* End PBXFrameworksBuildPhase section */

/* Begin PBXGroup section */
		991A9C521D7C2C9C00F77261 = {
			isa = PBXGroup;
			children = (
				991A9C5D1D7C2C9D00F77261 /* TableView */,
				991A9C771D7C2C9D00F77261 /* TableViewTests */,
				991A9C821D7C2C9D00F77261 /* TableViewUITests */,
				991A9C5C1D7C2C9D00F77261 /* Products */,
			);
			sourceTree = "<group>";
		};
		991A9C5C1D7C2C9D00F77261 /* Products */ = {
			isa = PBXGroup;
			children = (
				991A9C5B1D7C2C9D00F77261 /* TableView.app */,
				991A9C741D7C2C9D00F77261 /* TableViewTests.xctest */,
				991A9C7F1D7C2C9D00F77261 /* TableViewUITests.xctest */,
			);
			name = Products;
			sourceTree = "<group>";
		};
		991A9C5D1D7C2C9D00F77261 /* TableView */ = {
			isa = PBXGroup;
			children = (
				991A9C611D7C2C9D00F77261 /* AppDelegate.h */,
				991A9C621D7C2C9D00F77261 /* AppDelegate.m */,
				991A9C641D7C2C9D00F77261 /* ViewController.h */,
				991A9C651D7C2C9D00F77261 /* ViewController.m */,
				991A9C911D808B2100F77261 /* ViewController.xib */,
				991A9C671D7C2C9D00F77261 /* Main.storyboard */,
				991A9C6A1D7C2C9D00F77261 /* Assets.xcassets */,
				991A9C6C1D7C2C9D00F77261 /* LaunchScreen.storyboard */,
				991A9C6F1D7C2C9D00F77261 /* Info.plist */,
				991A9C5E1D7C2C9D00F77261 /* Supporting Files */,
			);
			path = TableView;
			sourceTree = "<group>";
		};
		991A9C5E1D7C2C9D00F77261 /* Supporting Files */ = {
			isa = PBXGroup;
			children = (
				991A9C5F1D7C2C9D00F77261 /* main.m */,
			);
			name = "Supporting Files";
			sourceTree = "<group>";
		};
		991A9C771D7C2C9D00F77261 /* TableViewTests */ = {
			isa = PBXGroup;
			children = (
				991A9C781D7C2C9D00F77261 /* TableViewTests.m */,
				991A9C7A1D7C2C9D00F77261 /* Info.plist */,
			);
			path = TableViewTests;
			sourceTree = "<group>";
		};
		991A9C821D7C2C9D00F77261 /* TableViewUITests */ = {
			isa = PBXGroup;
			children = (
				991A9C831D7C2C9D00F77261 /* TableViewUITests.m */,
				991A9C851D7C2C9D00F77261 /* Info.plist */,
			);
			path = TableViewUITests;
			sourceTree = "<group>";
		};
/* End PBXGroup section */

/* Begin PBXNativeTarget section */
		991A9C5A1D7C2C9D00F77261 /* TableView */ = {
			isa = PBXNativeTarget;
			buildConfigurationList = 991A9C881D7C2C9D00F77261 /* Build configuration list for PBXNativeTarget "TableView" */;
			buildPhases = (
				991A9C571D7C2C9D00F77261 /* Sources */,
				991A9C581D7C2C9D00F77261 /* Frameworks */,
				991A9C591D7C2C9D00F77261 /* Resources */,
			);
			buildRules = (
			);
			dependencies = (
			);
			name = TableView;
			productName = TableView;
			productReference = 991A9C5B1D7C2C9D00F77261 /* TableView.app */;
			productType = "com.apple.product-type.application";
		};
		991A9C731D7C2C9D00F77261 /* TableViewTests */ = {
			isa = PBXNativeTarget;
			buildConfigurationList = 991A9C8B1D7C2C9D00F77261 /* Build configuration list for PBXNativeTarget "TableViewTests" */;
			buildPhases = (
				991A9C701D7C2C9D00F77261 /* Sources */,
				991A9C711D7C2C9D00F77261 /* Frameworks */,
				991A9C721D7C2C9D00F77261 /* Resources */,
			);
			buildRules = (
			);
			dependencies = (
				991A9C761D7C2C9D00F77261 /* PBXTargetDependency */,
			);
			name = TableViewTests;
			productName = TableViewTests;
			productReference = 991A9C741D7C2C9D00F77261 /* TableViewTests.xctest */;
			productType = "com.apple.product-type.bundle.unit-test";
		};
		991A9C7E1D7C2C9D00F77261 /* TableViewUITests */ = {
			isa = PBXNativeTarget;
			buildConfigurationList = 991A9C8E1D7C2C9D00F77261 /* Build configuration list for PBXNativeTarget "TableViewUITests" */;
			buildPhases = (
				991A9C7B1D7C2C9D00F77261 /* Sources */,
				991A9C7C1D7C2C9D00F77261 /* Frameworks */,
				991A9C7D1D7C2C9D00F77261 /* Resources */,
			);
			buildRules = (
			);
			dependencies = (
				991A9C811D7C2C9D00F77261 /* PBXTargetDependency */,
			);
			name = TableViewUITests;
			productName = TableViewUITests;
			productReference = 991A9C7F1D7C2C9D00F77261 /* TableViewUITests.xctest */;
			productType = "com.apple.product-type.bundle.ui-testing";
		};
/* End PBXNativeTarget section */

/* Begin PBXProject section */
		991A9C531D7C2C9C00F77261 /* Project object */ = {
			isa = PBXProject;
			attributes = {
				LastUpgradeCheck = 0720;
				ORGANIZATIONNAME = Priyank;
				TargetAttributes = {
					991A9C5A1D7C2C9D00F77261 = {
						CreatedOnToolsVersion = 7.2.1;
					};
					991A9C731D7C2C9D00F77261 = {
						CreatedOnToolsVersion = 7.2.1;
						TestTargetID = 991A9C5A1D7C2C9D00F77261;
					};
					991A9C7E1D7C2C9D00F77261 = {
						CreatedOnToolsVersion = 7.2.1;
						TestTargetID = 991A9C5A1D7C2C9D00F77261;
					};
				};
			};
			buildConfigurationList = 991A9C561D7C2C9C00F77261 /* Build configuration list for PBXProject "TableView" */;
			compatibilityVersion = "Xcode 3.2";
			developmentRegion = English;
			hasScannedForEncodings = 0;
			knownRegions = (
				en,
				Base,
			);
			mainGroup = 991A9C521D7C2C9C00F77261;
			productRefGroup = 991A9C5C1D7C2C9D00F77261 /* Products */;
			projectDirPath = "";
			projectRoot = "";
			targets = (
				991A9C5A1D7C2C9D00F77261 /* TableView */,
				991A9C731D7C2C9D00F77261 /* TableViewTests */,
				991A9C7E1D7C2C9D00F77261 /* TableViewUITests */,
			);
		};
/* End PBXProject section */

/* Begin PBXResourcesBuildPhase section */
		991A9C591D7C2C9D00F77261 /* Resources */ = {
			isa = PBXResourcesBuildPhase;
			buildActionMask = 2147483647;
			files = (
				991A9C6E1D7C2C9D00F77261 /* LaunchScreen.storyboard in Resources */,
				991A9C6B1D7C2C9D00F77261 /* Assets.xcassets in Resources */,
				991A9C921D808B2100F77261 /* ViewController.xib in Resources */,
				991A9C691D7C2C9D00F77261 /* Main.storyboard in Resources */,
			);
			runOnlyForDeploymentPostprocessing = 0;
		};
		991A9C721D7C2C9D00F77261 /* Resources */ = {
			isa = PBXResourcesBuildPhase;
			buildActionMask = 2147483647;
			files = (
			);
			runOnlyForDeploymentPostprocessing = 0;
		};
		991A9C7D1D7C2C9D00F77261 /* Resources */ = {
			isa = PBXResourcesBuildPhase;
			buildActionMask = 2147483647;
			files = (
			);
			runOnlyForDeploymentPostprocessing = 0;
		};
/* End PBXResourcesBuildPhase section */

/* Begin PBXSourcesBuildPhase section */
		991A9C571D7C2C9D00F77261 /* Sources */ = {
			isa = PBXSourcesBuildPhase;
			buildActionMask = 2147483647;
			files = (
				991A9C661D7C2C9D00F77261 /* ViewController.m in Sources */,
				991A9C631D7C2C9D00F77261 /* AppDelegate.m in Sources */,
				991A9C601D7C2C9D00F77261 /* main.m in Sources */,
			);
			runOnlyForDeploymentPostprocessing = 0;
		};
		991A9C701D7C2C9D00F77261 /* Sources */ = {
			isa = PBXSourcesBuildPhase;
			buildActionMask = 2147483647;
			files = (
				991A9C791D7C2C9D00F77261 /* TableViewTests.m in Sources */,
			);
			runOnlyForDeploymentPostprocessing = 0;
		};
		991A9C7B1D7C2C9D00F77261 /* Sources */ = {
			isa = PBXSourcesBuildPhase;
			buildActionMask = 2147483647;
			files = (
				991A9C841D7C2C9D00F77261 /* TableViewUITests.m in Sources */,
			);
			runOnlyForDeploymentPostprocessing = 0;
		};
/* End PBXSourcesBuildPhase section */

/* Begin PBXTargetDependency section */
		991A9C761D7C2C9D00F77261 /* PBXTargetDependency */ = {
			isa = PBXTargetDependency;
			target = 991A9C5A1D7C2C9D00F77261 /* TableView */;
			targetProxy = 991A9C751D7C2C9D00F77261 /* PBXContainerItemProxy */;
		};
		991A9C811D7C2C9D00F77261 /* PBXTargetDependency */ = {
			isa = PBXTargetDependency;
			target = 991A9C5A1D7C2C9D00F77261 /* TableView */;
			targetProxy = 991A9C801D7C2C9D00F77261 /* PBXContainerItemProxy */;
		};
/* End PBXTargetDependency section */

/* Begin PBXVariantGroup section */
		991A9C671D7C2C9D00F77261 /* Main.storyboard */ = {
			isa = PBXVariantGroup;
			children = (
				991A9C681D7C2C9D00F77261 /* Base */,
			);
			name = Main.storyboard;
			sourceTree = "<group>";
		};
		991A9C6C1D7C2C9D00F77261 /* LaunchScreen.storyboard */ = {
			isa = PBXVariantGroup;
			children = (
				991A9C6D1D7C2C9D00F77261 /* Base */,
			);
			name = LaunchScreen.storyboard;
			sourceTree = "<group>";
		};
/* End PBXVariantGroup section */

/* Begin XCBuildConfiguration section */
		991A9C861D7C2C9D00F77261 /* Debug */ = {
			isa = XCBuildConfiguration;
			buildSettings = {
				ALWAYS_SEARCH_USER_PATHS = NO;
				CLANG_CXX_LANGUAGE_STANDARD = "gnu++0x";
				CLANG_CXX_LIBRARY = "libc++";
				CLANG_ENABLE_MODULES = YES;
				CLANG_ENABLE_OBJC_ARC = YES;
				CLANG_WARN_BOOL_CONVERSION = YES;
				CLANG_WARN_CONSTANT_CONVERSION = YES;
				CLANG_WARN_DIRECT_OBJC_ISA_USAGE = YES_ERROR;
				CLANG_WARN_EMPTY_BODY = YES;
				CLANG_WARN_ENUM_CONVERSION = YES;
				CLANG_WARN_INT_CONVERSION = YES;
				CLANG_WARN_OBJC_ROOT_CLASS = YES_ERROR;
				CLANG_WARN_UNREACHABLE_CODE = YES;
				CLANG_WARN__DUPLICATE_METHOD_MATCH = YES;
				"CODE_SIGN_IDENTITY[sdk=iphoneos*]" = "iPhone Developer";
				COPY_PHASE_STRIP = NO;
				DEBUG_INFORMATION_FORMAT = dwarf;
				ENABLE_STRICT_OBJC_MSGSEND = YES;
				ENABLE_TESTABILITY = YES;
				GCC_C_LANGUAGE_STANDARD = gnu99;
				GCC_DYNAMIC_NO_PIC = NO;
				GCC_NO_COMMON_BLOCKS = YES;
				GCC_OPTIMIZATION_LEVEL = 0;
				GCC_PREPROCESSOR_DEFINITIONS = (
					"DEBUG=1",
					"$(inherited)",
				);
				GCC_WARN_64_TO_32_BIT_CONVERSION = YES;
				GCC_WARN_ABOUT_RETURN_TYPE = YES_ERROR;
				GCC_WARN_UNDECLARED_SELECTOR = YES;
				GCC_WARN_UNINITIALIZED_AUTOS = YES_AGGRESSIVE;
				GCC_WARN_UNUSED_FUNCTION = YES;
				GCC_WARN_UNUSED_VARIABLE = YES;
				IPHONEOS_DEPLOYMENT_TARGET = 9.2;
				MTL_ENABLE_DEBUG_INFO = YES;
				ONLY_ACTIVE_ARCH = YES;
				SDKROOT = iphoneos;
			};
			name = Debug;
		};
		991A9C871D7C2C9D00F77261 /* Release */ = {
			isa = XCBuildConfiguration;
			buildSettings = {
				ALWAYS_SEARCH_USER_PATHS = NO;
				CLANG_CXX_LANGUAGE_STANDARD = "gnu++0x";
				CLANG_CXX_LIBRARY = "libc++";
				CLANG_ENABLE_MODULES = YES;
				CLANG_ENABLE_OBJC_ARC = YES;
				CLANG_WARN_BOOL_CONVERSION = YES;
				CLANG_WARN_CONSTANT_CONVERSION = YES;
				CLANG_WARN_DIRECT_OBJC_ISA_USAGE = YES_ERROR;
				CLANG_WARN_EMPTY_BODY = YES;
				CLANG_WARN_ENUM_CONVERSION = YES;
				CLANG_WARN_INT_CONVERSION = YES;
				CLANG_WARN_OBJC_ROOT_CLASS = YES_ERROR;
				CLANG_WARN_UNREACHABLE_CODE = YES;
				CLANG_WARN__DUPLICATE_METHOD_MATCH = YES;
				"CODE_SIGN_IDENTITY[sdk=iphoneos*]" = "iPhone Developer";
				COPY_PHASE_STRIP = NO;
				DEBUG_INFORMATION_FORMAT = "dwarf-with-dsym";
				ENABLE_NS_ASSERTIONS = NO;
				ENABLE_STRICT_OBJC_MSGSEND = YES;
				GCC_C_LANGUAGE_STANDARD = gnu99;
				GCC_NO_COMMON_BLOCKS = YES;
				GCC_WARN_64_TO_32_BIT_CONVERSION = YES;
				GCC_WARN_ABOUT_RETURN_TYPE = YES_ERROR;
				GCC_WARN_UNDECLARED_SELECTOR = YES;
				GCC_WARN_UNINITIALIZED_AUTOS = YES_AGGRESSIVE;
				GCC_WARN_UNUSED_FUNCTION = YES;
				GCC_WARN_UNUSED_VARIABLE = YES;
				IPHONEOS_DEPLOYMENT_TARGET = 9.2;
				MTL_ENABLE_DEBUG_INFO = NO;
				SDKROOT = iphoneos;
				VALIDATE_PRODUCT = YES;
			};
			name = Release;
		};
		991A9C891D7C2C9D00F77261 /* Debug */ = {
			isa = XCBuildConfiguration;
			buildSettings = {
				ASSETCATALOG_COMPILER_APPICON_NAME = AppIcon;
				INFOPLIST_FILE = TableView/Info.plist;
				LD_RUNPATH_SEARCH_PATHS = "$(inherited) @executable_path/Frameworks";
				PRODUCT_BUNDLE_IDENTIFIER = com.TableView;
				PRODUCT_NAME = "$(TARGET_NAME)";
			};
			name = Debug;
		};
		991A9C8A1D7C2C9D00F77261 /* Release */ = {
			isa = XCBuildConfiguration;
			buildSettings = {
				ASSETCATALOG_COMPILER_APPICON_NAME = AppIcon;
				INFOPLIST_FILE = TableView/Info.plist;
				LD_RUNPATH_SEARCH_PATHS = "$(inherited) @executable_path/Frameworks";
				PRODUCT_BUNDLE_IDENTIFIER = com.TableView;
				PRODUCT_NAME = "$(TARGET_NAME)";
			};
			name = Release;
		};
		991A9C8C1D7C2C9D00F77261 /* Debug */ = {
			isa = XCBuildConfiguration;
			buildSettings = {
				BUNDLE_LOADER = "$(TEST_HOST)";
				INFOPLIST_FILE = TableViewTests/Info.plist;
				LD_RUNPATH_SEARCH_PATHS = "$(inherited) @executable_path/Frameworks @loader_path/Frameworks";
				PRODUCT_BUNDLE_IDENTIFIER = com.TableViewTests;
				PRODUCT_NAME = "$(TARGET_NAME)";
				TEST_HOST = "$(BUILT_PRODUCTS_DIR)/TableView.app/TableView";
			};
			name = Debug;
		};
		991A9C8D1D7C2C9D00F77261 /* Release */ = {
			isa = XCBuildConfiguration;
			buildSettings = {
				BUNDLE_LOADER = "$(TEST_HOST)";
				INFOPLIST_FILE = TableViewTests/Info.plist;
				LD_RUNPATH_SEARCH_PATHS = "$(inherited) @executable_path/Frameworks @loader_path/Frameworks";
				PRODUCT_BUNDLE_IDENTIFIER = com.TableViewTests;
				PRODUCT_NAME = "$(TARGET_NAME)";
				TEST_HOST = "$(BUILT_PRODUCTS_DIR)/TableView.app/TableView";
			};
			name = Release;
		};
		991A9C8F1D7C2C9D00F77261 /* Debug */ = {
			isa = XCBuildConfiguration;
			buildSettings = {
				INFOPLIST_FILE = TableViewUITests/Info.plist;
				LD_RUNPATH_SEARCH_PATHS = "$(inherited) @executable_path/Frameworks @loader_path/Frameworks";
				PRODUCT_BUNDLE_IDENTIFIER = com.TableViewUITests;
				PRODUCT_NAME = "$(TARGET_NAME)";
				TEST_TARGET_NAME = TableView;
				USES_XCTRUNNER = YES;
			};
			name = Debug;
		};
		991A9C901D7C2C9D00F77261 /* Release */ = {
			isa = XCBuildConfiguration;
			buildSettings = {
				INFOPLIST_FILE = TableViewUITests/Info.plist;
				LD_RUNPATH_SEARCH_PATHS = "$(inherited) @executable_path/Frameworks @loader_path/Frameworks";
				PRODUCT_BUNDLE_IDENTIFIER = com.TableViewUITests;
				PRODUCT_NAME = "$(TARGET_NAME)";
				TEST_TARGET_NAME = TableView;
				USES_XCTRUNNER = YES;
			};
			name = Release;
		};
/* End XCBuildConfiguration section */

/* Begin XCConfigurationList section */
		991A9C561D7C2C9C00F77261 /* Build configuration list for PBXProject "TableView" */ = {
			isa = XCConfigurationList;
			buildConfigurations = (
				991A9C861D7C2C9D00F77261 /* Debug */,
				991A9C871D7C2C9D00F77261 /* Release */,
			);
			defaultConfigurationIsVisible = 0;
			defaultConfigurationName = Release;
		};
		991A9C881D7C2C9D00F77261 /* Build configuration list for PBXNativeTarget "TableView" */ = {
			isa = XCConfigurationList;
			buildConfigurations = (
				991A9C891D7C2C9D00F77261 /* Debug */,
				991A9C8A1D7C2C9D00F77261 /* Release */,
			);
			defaultConfigurationIsVisible = 0;
		};
		991A9C8B1D7C2C9D00F77261 /* Build configuration list for PBXNativeTarget "TableViewTests" */ = {
			isa = XCConfigurationList;
			buildConfigurations = (
				991A9C8C1D7C2C9D00F77261 /* Debug */,
				991A9C8D1D7C2C9D00F77261 /* Release */,
			);
			defaultConfigurationIsVisible = 0;
		};
		991A9C8E1D7C2C9D00F77261 /* Build configuration list for PBXNativeTarget "TableViewUITests" */ = {
			isa = XCConfigurationList;
			buildConfigurations = (
				991A9C8F1D7C2C9D00F77261 /* Debug */,
				991A9C901D7C2C9D00F77261 /* Release */,
			);
			defaultConfigurationIsVisible = 0;
		};
/* End XCConfigurationList section */
	};
	rootObject = 991A9C531D7C2C9C00F77261 /* Project object */;
}
